Microsoft Visual Studio Solution File, Format Version 12.00
# Visual Studio Version 17
VisualStudioVersion = 17.5.2.0
MinimumVisualStudioVersion = 10.0.40219.1
Project("{FAE04EC0-301F-11D3-BF4B-00C04F79EFBC}") = "APIWebServices", "APIWebServices.csproj", "{1BF68410-E6E3-3655-653C-A17F8B891FF1}"
EndProject
Global
	GlobalSection(SolutionConfigurationPlatforms) = preSolution
		Debug|Any CPU = Debug|Any CPU
		Release|Any CPU = Release|Any CPU
	EndGlobalSection
	GlobalSection(ProjectConfigurationPlatforms) = postSolution
		{1BF68410-E6E3-3655-653C-A17F8B891FF1}.Debug|Any CPU.ActiveCfg = Debug|Any CPU
		{1BF68410-E6E3-3655-653C-A17F8B891FF1}.Debug|Any CPU.Build.0 = Debug|Any CPU
		{1BF68410-E6E3-3655-653C-A17F8B891FF1}.Release|Any CPU.ActiveCfg = Release|Any CPU
		{1BF68410-E6E3-3655-653C-A17F8B891FF1}.Release|Any CPU.Build.0 = Release|Any CPU
	EndGlobalSection
	GlobalSection(SolutionProperties) = preSolution
		HideSolutionNode = FALSE
	EndGlobalSection
	GlobalSection(ExtensibilityGlobals) = postSolution
		SolutionGuid = {A9FD84CE-8551-43CE-AEA6-918CE557EF8F}
	EndGlobalSection
EndGlobal
