Microsoft Visual Studio Solution File, Format Version 12.00
# Visual Studio Version 17
VisualStudioVersion = 17.5.2.0
MinimumVisualStudioVersion = 10.0.40219.1
Project("{FAE04EC0-301F-11D3-BF4B-00C04F79EFBC}") = "learnCSharp", "learnCSharp\learnCSharp.csproj", "{6A65FE61-EF63-EBB8-5EE9-BAE6C57EC701}"
EndProject
Global
	GlobalSection(SolutionConfigurationPlatforms) = preSolution
		Debug|Any CPU = Debug|Any CPU
		Release|Any CPU = Release|Any CPU
	EndGlobalSection
	GlobalSection(ProjectConfigurationPlatforms) = postSolution
		{6A65FE61-EF63-EBB8-5EE9-BAE6C57EC701}.Debug|Any CPU.ActiveCfg = Debug|Any CPU
		{6A65FE61-EF63-EBB8-5EE9-BAE6C57EC701}.Debug|Any CPU.Build.0 = Debug|Any CPU
		{6A65FE61-EF63-EBB8-5EE9-BAE6C57EC701}.Release|Any CPU.ActiveCfg = Release|Any CPU
		{6A65FE61-EF63-EBB8-5EE9-BAE6C57EC701}.Release|Any CPU.Build.0 = Release|Any CPU
	EndGlobalSection
	GlobalSection(SolutionProperties) = preSolution
		HideSolutionNode = FALSE
	EndGlobalSection
	GlobalSection(ExtensibilityGlobals) = postSolution
		SolutionGuid = {1E64016F-99B3-4C13-AE49-B411FA60CCAD}
	EndGlobalSection
EndGlobal
